
Microsoft Visual Studio Solution File, Format Version 12.00
# Visual Studio Version 17
VisualStudioVersion = 17.14.36414.22
MinimumVisualStudioVersion = 10.0.40219.1
Project("{FAE04EC0-301F-11D3-BF4B-00C04F79EFBC}") = "Functions", "Functions\Functions.csproj", "{2773D9DC-CC17-4287-86E1-B2729FE6C6F8}"
EndProject
Global
	GlobalSection(SolutionConfigurationPlatforms) = preSolution
		Debug|Any CPU = Debug|Any CPU
		Release|Any CPU = Release|Any CPU
	EndGlobalSection
	GlobalSection(ProjectConfigurationPlatforms) = postSolution
		{2773D9DC-CC17-4287-86E1-B2729FE6C6F8}.Debug|Any CPU.ActiveCfg = Debug|Any CPU
		{2773D9DC-CC17-4287-86E1-B2729FE6C6F8}.Debug|Any CPU.Build.0 = Debug|Any CPU
		{2773D9DC-CC17-4287-86E1-B2729FE6C6F8}.Release|Any CPU.ActiveCfg = Release|Any CPU
		{2773D9DC-CC17-4287-86E1-B2729FE6C6F8}.Release|Any CPU.Build.0 = Release|Any CPU
	EndGlobalSection
	GlobalSection(SolutionProperties) = preSolution
		HideSolutionNode = FALSE
	EndGlobalSection
	GlobalSection(ExtensibilityGlobals) = postSolution
		SolutionGuid = {7A4CEFEB-E60E-43F5-B2BA-93EE98DD7B87}
	EndGlobalSection
EndGlobal
